// !$*UTF8*$!
{
	archiveVersion = 1;
	classes = {
	};
	objectVersion = 46;
	objects = {

/* Begin PBXBuildFile section */
		A2922F481AFAAAD600121F02 /* GearDetailsViewController.swift in Sources */ = {isa = PBXBuildFile; fileRef = A2922F471AFAAAD600121F02 /* GearDetailsViewController.swift */; };
		A2922F4A1AFAAAF200121F02 /* PackContentsViewController.swift in Sources */ = {isa = PBXBuildFile; fileRef = A2922F491AFAAAF200121F02 /* PackContentsViewController.swift */; };
		A2B731641AE81C9B002B326D /* AppDelegate.swift in Sources */ = {isa = PBXBuildFile; fileRef = A2B731631AE81C9B002B326D /* AppDelegate.swift */; };
		A2B731661AE81C9B002B326D /* PacksViewController.swift in Sources */ = {isa = PBXBuildFile; fileRef = A2B731651AE81C9B002B326D /* PacksViewController.swift */; };
		A2B731681AE81C9B002B326D /* GearViewController.swift in Sources */ = {isa = PBXBuildFile; fileRef = A2B731671AE81C9B002B326D /* GearViewController.swift */; };
		A2B7316B1AE81C9B002B326D /* Main.storyboard in Resources */ = {isa = PBXBuildFile; fileRef = A2B731691AE81C9B002B326D /* Main.storyboard */; };
		A2B7316D1AE81C9B002B326D /* Images.xcassets in Resources */ = {isa = PBXBuildFile; fileRef = A2B7316C1AE81C9B002B326D /* Images.xcassets */; };
		A2B731701AE81C9B002B326D /* LaunchScreen.xib in Resources */ = {isa = PBXBuildFile; fileRef = A2B7316E1AE81C9B002B326D /* LaunchScreen.xib */; };
		A2B7317C1AE81C9B002B326D /* packMateTests.swift in Sources */ = {isa = PBXBuildFile; fileRef = A2B7317B1AE81C9B002B326D /* packMateTests.swift */; };
		A2B731861AE828CF002B326D /* PackManager.swift in Sources */ = {isa = PBXBuildFile; fileRef = A2B731851AE828CF002B326D /* PackManager.swift */; };
		A2B731881AE828E1002B326D /* GearManager.swift in Sources */ = {isa = PBXBuildFile; fileRef = A2B731871AE828E1002B326D /* GearManager.swift */; };
/* End PBXBuildFile section */

/* Begin PBXContainerItemProxy section */
		A2B731761AE81C9B002B326D /* PBXContainerItemProxy */ = {
			isa = PBXContainerItemProxy;
			containerPortal = A2B731561AE81C9B002B326D /* Project object */;
			proxyType = 1;
			remoteGlobalIDString = A2B7315D1AE81C9B002B326D;
			remoteInfo = packMate;
		};
/* End PBXContainerItemProxy section */

/* Begin PBXFileReference section */
		A2922F471AFAAAD600121F02 /* GearDetailsViewController.swift */ = {isa = PBXFileReference; fileEncoding = 4; lastKnownFileType = sourcecode.swift; name = GearDetailsViewController.swift; path = ../GearDetailsViewController.swift; sourceTree = "<group>"; };
		A2922F491AFAAAF200121F02 /* PackContentsViewController.swift */ = {isa = PBXFileReference; fileEncoding = 4; lastKnownFileType = sourcecode.swift; name = PackContentsViewController.swift; path = ../PackContentsViewController.swift; sourceTree = "<group>"; };
		A2922F7B1B01144200121F02 /* Scratchpad.playground */ = {isa = PBXFileReference; lastKnownFileType = file.playground; path = Scratchpad.playground; sourceTree = "<group>"; };
		A2B7315E1AE81C9B002B326D /* packMate.app */ = {isa = PBXFileReference; explicitFileType = wrapper.application; includeInIndex = 0; path = packMate.app; sourceTree = BUILT_PRODUCTS_DIR; };
		A2B731621AE81C9B002B326D /* Info.plist */ = {isa = PBXFileReference; lastKnownFileType = text.plist.xml; path = Info.plist; sourceTree = "<group>"; };
		A2B731631AE81C9B002B326D /* AppDelegate.swift */ = {isa = PBXFileReference; lastKnownFileType = sourcecode.swift; path = AppDelegate.swift; sourceTree = "<group>"; };
		A2B731651AE81C9B002B326D /* PacksViewController.swift */ = {isa = PBXFileReference; lastKnownFileType = sourcecode.swift; path = PacksViewController.swift; sourceTree = "<group>"; };
		A2B731671AE81C9B002B326D /* GearViewController.swift */ = {isa = PBXFileReference; lastKnownFileType = sourcecode.swift; path = GearViewController.swift; sourceTree = "<group>"; };
		A2B7316A1AE81C9B002B326D /* Base */ = {isa = PBXFileReference; lastKnownFileType = file.storyboard; name = Base; path = Base.lproj/Main.storyboard; sourceTree = "<group>"; };
		A2B7316C1AE81C9B002B326D /* Images.xcassets */ = {isa = PBXFileReference; lastKnownFileType = folder.assetcatalog; path = Images.xcassets; sourceTree = "<group>"; };
		A2B7316F1AE81C9B002B326D /* Base */ = {isa = PBXFileReference; lastKnownFileType = file.xib; name = Base; path = Base.lproj/LaunchScreen.xib; sourceTree = "<group>"; };
		A2B731751AE81C9B002B326D /* packMateTests.xctest */ = {isa = PBXFileReference; explicitFileType = wrapper.cfbundle; includeInIndex = 0; path = packMateTests.xctest; sourceTree = BUILT_PRODUCTS_DIR; };
		A2B7317A1AE81C9B002B326D /* Info.plist */ = {isa = PBXFileReference; lastKnownFileType = text.plist.xml; path = Info.plist; sourceTree = "<group>"; };
		A2B7317B1AE81C9B002B326D /* packMateTests.swift */ = {isa = PBXFileReference; lastKnownFileType = sourcecode.swift; path = packMateTests.swift; sourceTree = "<group>"; };
		A2B731851AE828CF002B326D /* PackManager.swift */ = {isa = PBXFileReference; fileEncoding = 4; lastKnownFileType = sourcecode.swift; path = PackManager.swift; sourceTree = "<group>"; };
		A2B731871AE828E1002B326D /* GearManager.swift */ = {isa = PBXFileReference; fileEncoding = 4; lastKnownFileType = sourcecode.swift; path = GearManager.swift; sourceTree = "<group>"; };
/* End PBXFileReference section */

/* Begin PBXFrameworksBuildPhase section */
		A2B7315B1AE81C9B002B326D /* Frameworks */ = {
			isa = PBXFrameworksBuildPhase;
			buildActionMask = 2147483647;
			files = (
			);
			runOnlyForDeploymentPostprocessing = 0;
		};
		A2B731721AE81C9B002B326D /* Frameworks */ = {
			isa = PBXFrameworksBuildPhase;
			buildActionMask = 2147483647;
			files = (
			);
			runOnlyForDeploymentPostprocessing = 0;
		};
/* End PBXFrameworksBuildPhase section */

/* Begin PBXGroup section */
		A2B731551AE81C9B002B326D = {
			isa = PBXGroup;
			children = (
				A2B731601AE81C9B002B326D /* packMate */,
				A2B731781AE81C9B002B326D /* packMateTests */,
				A2B7315F1AE81C9B002B326D /* Products */,
			);
			sourceTree = "<group>";
		};
		A2B7315F1AE81C9B002B326D /* Products */ = {
			isa = PBXGroup;
			children = (
				A2B7315E1AE81C9B002B326D /* packMate.app */,
				A2B731751AE81C9B002B326D /* packMateTests.xctest */,
			);
			name = Products;
			sourceTree = "<group>";
		};
		A2B731601AE81C9B002B326D /* packMate */ = {
			isa = PBXGroup;
			children = (
				A2B731631AE81C9B002B326D /* AppDelegate.swift */,
				A2B731851AE828CF002B326D /* PackManager.swift */,
				A2B731651AE81C9B002B326D /* PacksViewController.swift */,
				A2922F491AFAAAF200121F02 /* PackContentsViewController.swift */,
				A2B731871AE828E1002B326D /* GearManager.swift */,
				A2B731671AE81C9B002B326D /* GearViewController.swift */,
				A2922F471AFAAAD600121F02 /* GearDetailsViewController.swift */,
				A2B731691AE81C9B002B326D /* Main.storyboard */,
				A2B7316C1AE81C9B002B326D /* Images.xcassets */,
				A2B7316E1AE81C9B002B326D /* LaunchScreen.xib */,
				A2B731611AE81C9B002B326D /* Supporting Files */,
				A2922F7B1B01144200121F02 /* Scratchpad.playground */,
			);
			path = packMate;
			sourceTree = "<group>";
		};
		A2B731611AE81C9B002B326D /* Supporting Files */ = {
			isa = PBXGroup;
			children = (
				A2B731621AE81C9B002B326D /* Info.plist */,
			);
			name = "Supporting Files";
			sourceTree = "<group>";
		};
		A2B731781AE81C9B002B326D /* packMateTests */ = {
			isa = PBXGroup;
			children = (
				A2B7317B1AE81C9B002B326D /* packMateTests.swift */,
				A2B731791AE81C9B002B326D /* Supporting Files */,
			);
			path = packMateTests;
			sourceTree = "<group>";
		};
		A2B731791AE81C9B002B326D /* Supporting Files */ = {
			isa = PBXGroup;
			children = (
				A2B7317A1AE81C9B002B326D /* Info.plist */,
			);
			name = "Supporting Files";
			sourceTree = "<group>";
		};
/* End PBXGroup section */

/* Begin PBXNativeTarget section */
		A2B7315D1AE81C9B002B326D /* packMate */ = {
			isa = PBXNativeTarget;
			buildConfigurationList = A2B7317F1AE81C9B002B326D /* Build configuration list for PBXNativeTarget "packMate" */;
			buildPhases = (
				A2B7315A1AE81C9B002B326D /* Sources */,
				A2B7315B1AE81C9B002B326D /* Frameworks */,
				A2B7315C1AE81C9B002B326D /* Resources */,
			);
			buildRules = (
			);
			dependencies = (
			);
			name = packMate;
			productName = packMate;
			productReference = A2B7315E1AE81C9B002B326D /* packMate.app */;
			productType = "com.apple.product-type.application";
		};
		A2B731741AE81C9B002B326D /* packMateTests */ = {
			isa = PBXNativeTarget;
			buildConfigurationList = A2B731821AE81C9B002B326D /* Build configuration list for PBXNativeTarget "packMateTests" */;
			buildPhases = (
				A2B731711AE81C9B002B326D /* Sources */,
				A2B731721AE81C9B002B326D /* Frameworks */,
				A2B731731AE81C9B002B326D /* Resources */,
			);
			buildRules = (
			);
			dependencies = (
				A2B731771AE81C9B002B326D /* PBXTargetDependency */,
			);
			name = packMateTests;
			productName = packMateTests;
			productReference = A2B731751AE81C9B002B326D /* packMateTests.xctest */;
			productType = "com.apple.product-type.bundle.unit-test";
		};
/* End PBXNativeTarget section */

/* Begin PBXProject section */
		A2B731561AE81C9B002B326D /* Project object */ = {
			isa = PBXProject;
			attributes = {
				LastUpgradeCheck = 0630;
				ORGANIZATIONNAME = "Studio M-Five";
				TargetAttributes = {
					A2B7315D1AE81C9B002B326D = {
						CreatedOnToolsVersion = 6.3.1;
					};
					A2B731741AE81C9B002B326D = {
						CreatedOnToolsVersion = 6.3.1;
						TestTargetID = A2B7315D1AE81C9B002B326D;
					};
				};
			};
			buildConfigurationList = A2B731591AE81C9B002B326D /* Build configuration list for PBXProject "packMate" */;
			compatibilityVersion = "Xcode 3.2";
			developmentRegion = English;
			hasScannedForEncodings = 0;
			knownRegions = (
				en,
				Base,
			);
			mainGroup = A2B731551AE81C9B002B326D;
			productRefGroup = A2B7315F1AE81C9B002B326D /* Products */;
			projectDirPath = "";
			projectRoot = "";
			targets = (
				A2B7315D1AE81C9B002B326D /* packMate */,
				A2B731741AE81C9B002B326D /* packMateTests */,
			);
		};
/* End PBXProject section */

/* Begin PBXResourcesBuildPhase section */
		A2B7315C1AE81C9B002B326D /* Resources */ = {
			isa = PBXResourcesBuildPhase;
			buildActionMask = 2147483647;
			files = (
				A2B7316B1AE81C9B002B326D /* Main.storyboard in Resources */,
				A2B731701AE81C9B002B326D /* LaunchScreen.xib in Resources */,
				A2B7316D1AE81C9B002B326D /* Images.xcassets in Resources */,
			);
			runOnlyForDeploymentPostprocessing = 0;
		};
		A2B731731AE81C9B002B326D /* Resources */ = {
			isa = PBXResourcesBuildPhase;
			buildActionMask = 2147483647;
			files = (
			);
			runOnlyForDeploymentPostprocessing = 0;
		};
/* End PBXResourcesBuildPhase section */

/* Begin PBXSourcesBuildPhase section */
		A2B7315A1AE81C9B002B326D /* Sources */ = {
			isa = PBXSourcesBuildPhase;
			buildActionMask = 2147483647;
			files = (
				A2B731861AE828CF002B326D /* PackManager.swift in Sources */,
				A2B731881AE828E1002B326D /* GearManager.swift in Sources */,
				A2B731681AE81C9B002B326D /* GearViewController.swift in Sources */,
				A2922F4A1AFAAAF200121F02 /* PackContentsViewController.swift in Sources */,
				A2B731641AE81C9B002B326D /* AppDelegate.swift in Sources */,
				A2922F481AFAAAD600121F02 /* GearDetailsViewController.swift in Sources */,
				A2B731661AE81C9B002B326D /* PacksViewController.swift in Sources */,
			);
			runOnlyForDeploymentPostprocessing = 0;
		};
		A2B731711AE81C9B002B326D /* Sources */ = {
			isa = PBXSourcesBuildPhase;
			buildActionMask = 2147483647;
			files = (
				A2B7317C1AE81C9B002B326D /* packMateTests.swift in Sources */,
			);
			runOnlyForDeploymentPostprocessing = 0;
		};
/* End PBXSourcesBuildPhase section */

/* Begin PBXTargetDependency section */
		A2B731771AE81C9B002B326D /* PBXTargetDependency */ = {
			isa = PBXTargetDependency;
			target = A2B7315D1AE81C9B002B326D /* packMate */;
			targetProxy = A2B731761AE81C9B002B326D /* PBXContainerItemProxy */;
		};
/* End PBXTargetDependency section */

/* Begin PBXVariantGroup section */
		A2B731691AE81C9B002B326D /* Main.storyboard */ = {
			isa = PBXVariantGroup;
			children = (
				A2B7316A1AE81C9B002B326D /* Base */,
			);
			name = Main.storyboard;
			sourceTree = "<group>";
		};
		A2B7316E1AE81C9B002B326D /* LaunchScreen.xib */ = {
			isa = PBXVariantGroup;
			children = (
				A2B7316F1AE81C9B002B326D /* Base */,
			);
			name = LaunchScreen.xib;
			sourceTree = "<group>";
		};
/* End PBXVariantGroup section */

/* Begin XCBuildConfiguration section */
		A2B7317D1AE81C9B002B326D /* Debug */ = {
			isa = XCBuildConfiguration;
			buildSettings = {
				ALWAYS_SEARCH_USER_PATHS = NO;
				CLANG_CXX_LANGUAGE_STANDARD = "gnu++0x";
				CLANG_CXX_LIBRARY = "libc++";
				CLANG_ENABLE_MODULES = YES;
				CLANG_ENABLE_OBJC_ARC = YES;
				CLANG_WARN_BOOL_CONVERSION = YES;
				CLANG_WARN_CONSTANT_CONVERSION = YES;
				CLANG_WARN_DIRECT_OBJC_ISA_USAGE = YES_ERROR;
				CLANG_WARN_EMPTY_BODY = YES;
				CLANG_WARN_ENUM_CONVERSION = YES;
				CLANG_WARN_INT_CONVERSION = YES;
				CLANG_WARN_OBJC_ROOT_CLASS = YES_ERROR;
				CLANG_WARN_UNREACHABLE_CODE = YES;
				CLANG_WARN__DUPLICATE_METHOD_MATCH = YES;
				"CODE_SIGN_IDENTITY[sdk=iphoneos*]" = "iPhone Developer";
				COPY_PHASE_STRIP = NO;
				DEBUG_INFORMATION_FORMAT = "dwarf-with-dsym";
				ENABLE_STRICT_OBJC_MSGSEND = YES;
				GCC_C_LANGUAGE_STANDARD = gnu99;
				GCC_DYNAMIC_NO_PIC = NO;
				GCC_NO_COMMON_BLOCKS = YES;
				GCC_OPTIMIZATION_LEVEL = 0;
				GCC_PREPROCESSOR_DEFINITIONS = (
					"DEBUG=1",
					"$(inherited)",
				);
				GCC_SYMBOLS_PRIVATE_EXTERN = NO;
				GCC_WARN_64_TO_32_BIT_CONVERSION = YES;
				GCC_WARN_ABOUT_RETURN_TYPE = YES_ERROR;
				GCC_WARN_UNDECLARED_SELECTOR = YES;
				GCC_WARN_UNINITIALIZED_AUTOS = YES_AGGRESSIVE;
				GCC_WARN_UNUSED_FUNCTION = YES;
				GCC_WARN_UNUSED_VARIABLE = YES;
				IPHONEOS_DEPLOYMENT_TARGET = 8.3;
				MTL_ENABLE_DEBUG_INFO = YES;
				ONLY_ACTIVE_ARCH = YES;
				SDKROOT = iphoneos;
				SWIFT_OPTIMIZATION_LEVEL = "-Onone";
				TARGETED_DEVICE_FAMILY = "1,2";
			};
			name = Debug;
		};
		A2B7317E1AE81C9B002B326D /* Release */ = {
			isa = XCBuildConfiguration;
			buildSettings = {
				ALWAYS_SEARCH_USER_PATHS = NO;
				CLANG_CXX_LANGUAGE_STANDARD = "gnu++0x";
				CLANG_CXX_LIBRARY = "libc++";
				CLANG_ENABLE_MODULES = YES;
				CLANG_ENABLE_OBJC_ARC = YES;
				CLANG_WARN_BOOL_CONVERSION = YES;
				CLANG_WARN_CONSTANT_CONVERSION = YES;
				CLANG_WARN_DIRECT_OBJC_ISA_USAGE = YES_ERROR;
				CLANG_WARN_EMPTY_BODY = YES;
				CLANG_WARN_ENUM_CONVERSION = YES;
				CLANG_WARN_INT_CONVERSION = YES;
				CLANG_WARN_OBJC_ROOT_CLASS = YES_ERROR;
				CLANG_WARN_UNREACHABLE_CODE = YES;
				CLANG_WARN__DUPLICATE_METHOD_MATCH = YES;
				"CODE_SIGN_IDENTITY[sdk=iphoneos*]" = "iPhone Developer";
				COPY_PHASE_STRIP = NO;
				DEBUG_INFORMATION_FORMAT = "dwarf-with-dsym";
				ENABLE_NS_ASSERTIONS = NO;
				ENABLE_STRICT_OBJC_MSGSEND = YES;
				GCC_C_LANGUAGE_STANDARD = gnu99;
				GCC_NO_COMMON_BLOCKS = YES;
				GCC_WARN_64_TO_32_BIT_CONVERSION = YES;
				GCC_WARN_ABOUT_RETURN_TYPE = YES_ERROR;
				GCC_WARN_UNDECLARED_SELECTOR = YES;
				GCC_WARN_UNINITIALIZED_AUTOS = YES_AGGRESSIVE;
				GCC_WARN_UNUSED_FUNCTION = YES;
				GCC_WARN_UNUSED_VARIABLE = YES;
				IPHONEOS_DEPLOYMENT_TARGET = 8.3;
				MTL_ENABLE_DEBUG_INFO = NO;
				SDKROOT = iphoneos;
				TARGETED_DEVICE_FAMILY = "1,2";
				VALIDATE_PRODUCT = YES;
			};
			name = Release;
		};
		A2B731801AE81C9B002B326D /* Debug */ = {
			isa = XCBuildConfiguration;
			buildSettings = {
				ASSETCATALOG_COMPILER_APPICON_NAME = AppIcon;
				INFOPLIST_FILE = packMate/Info.plist;
				LD_RUNPATH_SEARCH_PATHS = "$(inherited) @executable_path/Frameworks";
				PRODUCT_NAME = "$(TARGET_NAME)";
			};
			name = Debug;
		};
		A2B731811AE81C9B002B326D /* Release */ = {
			isa = XCBuildConfiguration;
			buildSettings = {
				ASSETCATALOG_COMPILER_APPICON_NAME = AppIcon;
				INFOPLIST_FILE = packMate/Info.plist;
				LD_RUNPATH_SEARCH_PATHS = "$(inherited) @executable_path/Frameworks";
				PRODUCT_NAME = "$(TARGET_NAME)";
			};
			name = Release;
		};
		A2B731831AE81C9B002B326D /* Debug */ = {
			isa = XCBuildConfiguration;
			buildSettings = {
				BUNDLE_LOADER = "$(TEST_HOST)";
				FRAMEWORK_SEARCH_PATHS = (
					"$(SDKROOT)/Developer/Library/Frameworks",
					"$(inherited)",
				);
				GCC_PREPROCESSOR_DEFINITIONS = (
					"DEBUG=1",
					"$(inherited)",
				);
				INFOPLIST_FILE = packMateTests/Info.plist;
				LD_RUNPATH_SEARCH_PATHS = "$(inherited) @executable_path/Frameworks @loader_path/Frameworks";
				PRODUCT_NAME = "$(TARGET_NAME)";
				TEST_HOST = "$(BUILT_PRODUCTS_DIR)/packMate.app/packMate";
			};
			name = Debug;
		};
		A2B731841AE81C9B002B326D /* Release */ = {
			isa = XCBuildConfiguration;
			buildSettings = {
				BUNDLE_LOADER = "$(TEST_HOST)";
				FRAMEWORK_SEARCH_PATHS = (
					"$(SDKROOT)/Developer/Library/Frameworks",
					"$(inherited)",
				);
				INFOPLIST_FILE = packMateTests/Info.plist;
				LD_RUNPATH_SEARCH_PATHS = "$(inherited) @executable_path/Frameworks @loader_path/Frameworks";
				PRODUCT_NAME = "$(TARGET_NAME)";
				TEST_HOST = "$(BUILT_PRODUCTS_DIR)/packMate.app/packMate";
			};
			name = Release;
		};
/* End XCBuildConfiguration section */

/* Begin XCConfigurationList section */
		A2B731591AE81C9B002B326D /* Build configuration list for PBXProject "packMate" */ = {
			isa = XCConfigurationList;
			buildConfigurations = (
				A2B7317D1AE81C9B002B326D /* Debug */,
				A2B7317E1AE81C9B002B326D /* Release */,
			);
			defaultConfigurationIsVisible = 0;
			defaultConfigurationName = Release;
		};
		A2B7317F1AE81C9B002B326D /* Build configuration list for PBXNativeTarget "packMate" */ = {
			isa = XCConfigurationList;
			buildConfigurations = (
				A2B731801AE81C9B002B326D /* Debug */,
				A2B731811AE81C9B002B326D /* Release */,
			);
			defaultConfigurationIsVisible = 0;
			defaultConfigurationName = Release;
		};
		A2B731821AE81C9B002B326D /* Build configuration list for PBXNativeTarget "packMateTests" */ = {
			isa = XCConfigurationList;
			buildConfigurations = (
				A2B731831AE81C9B002B326D /* Debug */,
				A2B731841AE81C9B002B326D /* Release */,
			);
			defaultConfigurationIsVisible = 0;
			defaultConfigurationName = Release;
		};
/* End XCConfigurationList section */
	};
	rootObject = A2B731561AE81C9B002B326D /* Project object */;
}
